# This file is autogenerated, do not edit; changes may be undone by the next 'dep ensure'.


[[projects]]
  digest = "1:a8d622a8049a4aa420e1c509873bb85d4c45c5107f420d922f919bfcb8d08694"
  name = "github.com/beevik/ntp"
  packages = ["."]
  pruneopts = "UT"
  revision = "62c80a04de2086884d8296004b6d74ee1846c582"
  version = "v0.2.0"

[[projects]]
  branch = "master"
  digest = "1:c5060ffaf26cf3ac386592a4fe87c8833b062839e7ce085eb0d90c06952c6e4c"
  name = "golang.org/x/net"
  packages = [
    "bpf",
    "internal/iana",
    "internal/socket",
    "ipv4",
  ]
  pruneopts = "UT"
  revision = "c0dbc17a35534bf2e581d7a942408dc936316da4"

[[projects]]
  branch = "master"
  digest = "1:069e81848b2ee0d2bff0d5ba4161d64d3682fa277d48bee06524d9508f41830b"
  name = "golang.org/x/sys"
  packages = [
    "unix",
    "windows",
  ]
  pruneopts = "UT"
  revision = "5a3cf8467b4e9da13d4ac22ee4e4906aec6f9dc0"

[solve-meta]
  analyzer-name = "dep"
  analyzer-version = 1
  input-imports = ["github.com/beevik/ntp"]
  solver-name = "gps-cdcl"
  solver-version = 1
